// !$*UTF8*$!
{
	archiveVersion = 1;
	classes = {
	};
	objectVersion = 46;
	objects = {

/* Begin PBXBuildFile section */
		9D08A1031408298C007ABD3F /* UINavigationBar+fadeBar.m in Sources */ = {isa = PBXBuildFile; fileRef = 9D08A1021408298C007ABD3F /* UINavigationBar+fadeBar.m */; };
		9D0C32FE14314B9F0026D60D /* Icon-iPad.png in Resources */ = {isa = PBXBuildFile; fileRef = 9D0C32FD14314B9F0026D60D /* Icon-iPad.png */; };
		9D0C89D815D8363F0079F653 /* button.png in Resources */ = {isa = PBXBuildFile; fileRef = 9D0C89D715D8363F0079F653 /* button.png */; };
		9D0C89DB15D8452B0079F653 /* cogwheel@2x.png in Resources */ = {isa = PBXBuildFile; fileRef = 9D0C89DA15D8452B0079F653 /* cogwheel@2x.png */; };
		9D1609C815D7434E00328968 /* faschedule_left2.png in Resources */ = {isa = PBXBuildFile; fileRef = 9D1609C715D7434E00328968 /* faschedule_left2.png */; };
		9D376FE514082A9A008C53F5 /* QuartzCore.framework in Frameworks */ = {isa = PBXBuildFile; fileRef = 9D376FE414082A9A008C53F5 /* QuartzCore.framework */; };
		9D376FE81408339B008C53F5 /* classStatusBG@2x.png in Resources */ = {isa = PBXBuildFile; fileRef = 9D376FE71408339B008C53F5 /* classStatusBG@2x.png */; };
		9D376FEA140837A4008C53F5 /* classStatusBG2@2x.png in Resources */ = {isa = PBXBuildFile; fileRef = 9D376FE9140837A4008C53F5 /* classStatusBG2@2x.png */; };
		9D3BAE3015D73112006014BE /* faschedule_left.png in Resources */ = {isa = PBXBuildFile; fileRef = 9D3BAE2F15D73111006014BE /* faschedule_left.png */; };
		9D3F088815DC350C00E0A6EB /* cellbg2@2x.png in Resources */ = {isa = PBXBuildFile; fileRef = 9D3F088715DC350C00E0A6EB /* cellbg2@2x.png */; };
		9D3F089015DC3EBD00E0A6EB /* tableBG2@2x.png in Resources */ = {isa = PBXBuildFile; fileRef = 9D3F088F15DC3EBD00E0A6EB /* tableBG2@2x.png */; };
		9D7C0B9315D703FC00E8DB49 /* FacingView.m in Sources */ = {isa = PBXBuildFile; fileRef = 9D7C0B8415D703FC00E8DB49 /* FacingView.m */; };
		9D7C0B9415D703FC00E8DB49 /* FoldView.m in Sources */ = {isa = PBXBuildFile; fileRef = 9D7C0B8615D703FC00E8DB49 /* FoldView.m */; };
		9D7C0B9515D703FC00E8DB49 /* MultiFoldView.m in Sources */ = {isa = PBXBuildFile; fileRef = 9D7C0B8815D703FC00E8DB49 /* MultiFoldView.m */; };
		9D7C0B9615D703FD00E8DB49 /* PaperFoldNavigationController.m in Sources */ = {isa = PBXBuildFile; fileRef = 9D7C0B8A15D703FC00E8DB49 /* PaperFoldNavigationController.m */; };
		9D7C0B9715D703FD00E8DB49 /* PaperFoldView.m in Sources */ = {isa = PBXBuildFile; fileRef = 9D7C0B8C15D703FC00E8DB49 /* PaperFoldView.m */; };
		9D7C0B9815D703FD00E8DB49 /* ShadowView.m in Sources */ = {isa = PBXBuildFile; fileRef = 9D7C0B8E15D703FC00E8DB49 /* ShadowView.m */; };
		9D7C0B9915D703FD00E8DB49 /* TouchThroughUIView.m in Sources */ = {isa = PBXBuildFile; fileRef = 9D7C0B9015D703FC00E8DB49 /* TouchThroughUIView.m */; };
		9D7C0B9A15D703FD00E8DB49 /* UIView+Screenshot.m in Sources */ = {isa = PBXBuildFile; fileRef = 9D7C0B9215D703FC00E8DB49 /* UIView+Screenshot.m */; };
		9D7C0B9D15D7041400E8DB49 /* RootViewController.m in Sources */ = {isa = PBXBuildFile; fileRef = 9D7C0B9C15D7041400E8DB49 /* RootViewController.m */; };
		9D7C0BA315D70D0700E8DB49 /* LeftViewController.m in Sources */ = {isa = PBXBuildFile; fileRef = 9D7C0BA115D70D0600E8DB49 /* LeftViewController.m */; };
		9D7C0BA415D70D0700E8DB49 /* LeftViewController.xib in Resources */ = {isa = PBXBuildFile; fileRef = 9D7C0BA215D70D0700E8DB49 /* LeftViewController.xib */; };
		9D7C0BA615D711AC00E8DB49 /* DropshadowLeft@2x.png in Resources */ = {isa = PBXBuildFile; fileRef = 9D7C0BA515D711AC00E8DB49 /* DropshadowLeft@2x.png */; };
		9D7C0BA815D713D500E8DB49 /* btn-red-on@2x.png in Resources */ = {isa = PBXBuildFile; fileRef = 9D7C0BA715D713D500E8DB49 /* btn-red-on@2x.png */; };
		9D7C0BAA15D7148800E8DB49 /* background@2x.png in Resources */ = {isa = PBXBuildFile; fileRef = 9D7C0BA915D7148800E8DB49 /* background@2x.png */; };
		9D81C93F143917B800BBF0CE /* classStatusBG3@2x.png in Resources */ = {isa = PBXBuildFile; fileRef = 9D81C93E143917B800BBF0CE /* classStatusBG3@2x.png */; };
		9DC2E7B215DB3F2A005757EF /* icon.png in Resources */ = {isa = PBXBuildFile; fileRef = 9DC2E7B115DB3F2A005757EF /* icon.png */; };
		9DC2E7B415DB3F2E005757EF /* icon@2x.png in Resources */ = {isa = PBXBuildFile; fileRef = 9DC2E7B315DB3F2E005757EF /* icon@2x.png */; };
		9DF1790115DC436D0076C29A /* faschedule_left3.png in Resources */ = {isa = PBXBuildFile; fileRef = 9DF1790015DC436D0076C29A /* faschedule_left3.png */; };
		9DF1790315DC45180076C29A /* buttonp.png in Resources */ = {isa = PBXBuildFile; fileRef = 9DF1790215DC45180076C29A /* buttonp.png */; };
		9DF1790515DC46E00076C29A /* bgtexture@2x.png in Resources */ = {isa = PBXBuildFile; fileRef = 9DF1790415DC46E00076C29A /* bgtexture@2x.png */; };
		CE0788651364BC5B00387598 /* CustomCell.m in Sources */ = {isa = PBXBuildFile; fileRef = CE0788641364BC5B00387598 /* CustomCell.m */; };
		CE0788671364BE4100387598 /* CustomCell.xib in Resources */ = {isa = PBXBuildFile; fileRef = CE0788661364BE4100387598 /* CustomCell.xib */; };
		CE2C41DF13F0574D00583F85 /* CustomColors.m in Sources */ = {isa = PBXBuildFile; fileRef = CE2C41DE13F0574D00583F85 /* CustomColors.m */; };
		CE30F9A814155276002A4DC3 /* Icon.png in Resources */ = {isa = PBXBuildFile; fileRef = CE30F9A714155276002A4DC3 /* Icon.png */; };
		CE30F9AA14155291002A4DC3 /* Icon@2x.png in Resources */ = {isa = PBXBuildFile; fileRef = CE30F9A914155291002A4DC3 /* Icon@2x.png */; };
		CE346E481376EA7600833E8B /* Subjects.plist in Resources */ = {isa = PBXBuildFile; fileRef = CE346E471376EA7600833E8B /* Subjects.plist */; };
		CE5FD83F1366640100A860E8 /* TitleBar.png in Resources */ = {isa = PBXBuildFile; fileRef = CE5FD83E1366640100A860E8 /* TitleBar.png */; };
		CE5FD8411366669E00A860E8 /* cellgradient.png in Resources */ = {isa = PBXBuildFile; fileRef = CE5FD8401366669E00A860E8 /* cellgradient.png */; };
		CE5FD8531369EC3A00A860E8 /* Block.m in Sources */ = {isa = PBXBuildFile; fileRef = CE5FD8521369EC3A00A860E8 /* Block.m */; };
		CE5FD85E136B791F00A860E8 /* Week.m in Sources */ = {isa = PBXBuildFile; fileRef = CE5FD85D136B791F00A860E8 /* Week.m */; };
		CE6045BD1361B62100C43EF1 /* UIKit.framework in Frameworks */ = {isa = PBXBuildFile; fileRef = CE6045BC1361B62100C43EF1 /* UIKit.framework */; };
		CE6045BF1361B62100C43EF1 /* Foundation.framework in Frameworks */ = {isa = PBXBuildFile; fileRef = CE6045BE1361B62100C43EF1 /* Foundation.framework */; };
		CE6045C11361B62100C43EF1 /* CoreGraphics.framework in Frameworks */ = {isa = PBXBuildFile; fileRef = CE6045C01361B62100C43EF1 /* CoreGraphics.framework */; };
		CE6045C71361B62100C43EF1 /* InfoPlist.strings in Resources */ = {isa = PBXBuildFile; fileRef = CE6045C51361B62100C43EF1 /* InfoPlist.strings */; };
		CE6045CA1361B62100C43EF1 /* main.m in Sources */ = {isa = PBXBuildFile; fileRef = CE6045C91361B62100C43EF1 /* main.m */; };
		CE6045CD1361B62100C43EF1 /* FAscheduleAppDelegate.m in Sources */ = {isa = PBXBuildFile; fileRef = CE6045CC1361B62100C43EF1 /* FAscheduleAppDelegate.m */; };
		CE6045D01361B62100C43EF1 /* MainWindow.xib in Resources */ = {isa = PBXBuildFile; fileRef = CE6045CE1361B62100C43EF1 /* MainWindow.xib */; };
		CE6045DF1361B8A400C43EF1 /* ScheduleViewController.m in Sources */ = {isa = PBXBuildFile; fileRef = CE6045DE1361B8A300C43EF1 /* ScheduleViewController.m */; };
		CE77C9D6137487420050763B /* SettingsViewController_1.m in Sources */ = {isa = PBXBuildFile; fileRef = CE77C9D4137487410050763B /* SettingsViewController_1.m */; };
		CE77C9DA1374C5580050763B /* SettingsView_2.xib in Resources */ = {isa = PBXBuildFile; fileRef = CE77C9D91374C5570050763B /* SettingsView_2.xib */; };
		CE77C9DD1374C96F0050763B /* SettingsViewController_2.m in Sources */ = {isa = PBXBuildFile; fileRef = CE77C9DC1374C96F0050763B /* SettingsViewController_2.m */; };
		CE8B131E1416E1860032628C /* middleCell.png in Resources */ = {isa = PBXBuildFile; fileRef = CE8B131B1416E1860032628C /* middleCell.png */; };
		CE8B131F1416E1860032628C /* topCell.png in Resources */ = {isa = PBXBuildFile; fileRef = CE8B131C1416E1860032628C /* topCell.png */; };
		CE8B13201416E1860032628C /* bottomCell.png in Resources */ = {isa = PBXBuildFile; fileRef = CE8B131D1416E1860032628C /* bottomCell.png */; };
		CE8B13321417050F0032628C /* tableBG.png in Resources */ = {isa = PBXBuildFile; fileRef = CE8B13311417050E0032628C /* tableBG.png */; };
		CE8D156A140029FB004C25AE /* Period.m in Sources */ = {isa = PBXBuildFile; fileRef = CE8D1569140029FB004C25AE /* Period.m */; };
		CE8D156F14009480004C25AE /* LunchViewController.m in Sources */ = {isa = PBXBuildFile; fileRef = CE8D156D14009480004C25AE /* LunchViewController.m */; };
		CE8D157014009480004C25AE /* LunchViewController.xib in Resources */ = {isa = PBXBuildFile; fileRef = CE8D156E14009480004C25AE /* LunchViewController.xib */; };
		CE91EFA3140175F70001F533 /* StudentSchedStore.m in Sources */ = {isa = PBXBuildFile; fileRef = CE91EFA2140175F70001F533 /* StudentSchedStore.m */; };
		CE91EFA6140176EF0001F533 /* StudentSched.m in Sources */ = {isa = PBXBuildFile; fileRef = CE91EFA5140176EF0001F533 /* StudentSched.m */; };
		CE91EFAD140191E10001F533 /* Week.plist in Resources */ = {isa = PBXBuildFile; fileRef = CE91EFAC140191E10001F533 /* Week.plist */; };
		CE97CF8315EFDB2B00708145 /* WeekAB.m in Sources */ = {isa = PBXBuildFile; fileRef = CE97CF8215EFDB2B00708145 /* WeekAB.m */; };
		CE97CF8715EFE49E00708145 /* ExtensionCell.m in Sources */ = {isa = PBXBuildFile; fileRef = CE97CF8615EFE49E00708145 /* ExtensionCell.m */; };
		CE97CF8915EFE5C200708145 /* ExtensionCell.xib in Resources */ = {isa = PBXBuildFile; fileRef = CE97CF8815EFE5C200708145 /* ExtensionCell.xib */; };
		CE97CF8B15EFEC9900708145 /* extCellgradient@2x.png in Resources */ = {isa = PBXBuildFile; fileRef = CE97CF8A15EFEC9900708145 /* extCellgradient@2x.png */; };
		CE9827A015F1298000B46639 /* calendar@2x.png in Resources */ = {isa = PBXBuildFile; fileRef = CE98279F15F1298000B46639 /* calendar@2x.png */; };
		CE9827A315F12C1200B46639 /* show_lines@2x.png in Resources */ = {isa = PBXBuildFile; fileRef = CE9827A215F12C1200B46639 /* show_lines@2x.png */; };
		CEA06DE214048E1600060D11 /* HelpViewController.m in Sources */ = {isa = PBXBuildFile; fileRef = CEA06DE014048E1600060D11 /* HelpViewController.m */; };
		CEA06DE314048E1600060D11 /* HelpViewController.xib in Resources */ = {isa = PBXBuildFile; fileRef = CEA06DE114048E1600060D11 /* HelpViewController.xib */; };
		CEA37B8513837ED000EE9A70 /* Time.m in Sources */ = {isa = PBXBuildFile; fileRef = CEA37B8413837ED000EE9A70 /* Time.m */; };
		CEA37B9113841D3C00EE9A70 /* SettingsViewController_3.m in Sources */ = {isa = PBXBuildFile; fileRef = CEA37B9013841D3C00EE9A70 /* SettingsViewController_3.m */; };
		CEB6267F138D49A100151951 /* fa2x.png in Resources */ = {isa = PBXBuildFile; fileRef = CEB6267E138D49A100151951 /* fa2x.png */; };
		CEB62682138D49C000151951 /* fa1x.png in Resources */ = {isa = PBXBuildFile; fileRef = CEB62681138D49C000151951 /* fa1x.png */; };
		CEC9131114314A08002191AA /* SettingsView_1.xib in Resources */ = {isa = PBXBuildFile; fileRef = CEC9130F14314A08002191AA /* SettingsView_1.xib */; };
		CED0E1FE1429654000FCEDC4 /* Constants.m in Sources */ = {isa = PBXBuildFile; fileRef = CED0E1FD1429654000FCEDC4 /* Constants.m */; };
/* End PBXBuildFile section */

/* Begin PBXFileReference section */
		9D08A1011408298C007ABD3F /* UINavigationBar+fadeBar.h */ = {isa = PBXFileReference; fileEncoding = 4; lastKnownFileType = sourcecode.c.h; path = "UINavigationBar+fadeBar.h"; sourceTree = "<group>"; };
		9D08A1021408298C007ABD3F /* UINavigationBar+fadeBar.m */ = {isa = PBXFileReference; fileEncoding = 4; lastKnownFileType = sourcecode.c.objc; path = "UINavigationBar+fadeBar.m"; sourceTree = "<group>"; };
		9D0C32FD14314B9F0026D60D /* Icon-iPad.png */ = {isa = PBXFileReference; lastKnownFileType = image.png; name = "Icon-iPad.png"; path = "../Icon-iPad.png"; sourceTree = "<group>"; };
		9D0C89D715D8363F0079F653 /* button.png */ = {isa = PBXFileReference; lastKnownFileType = image.png; path = button.png; sourceTree = "<group>"; };
		9D0C89DA15D8452B0079F653 /* cogwheel@2x.png */ = {isa = PBXFileReference; lastKnownFileType = image.png; path = "cogwheel@2x.png"; sourceTree = "<group>"; };
		9D1609C715D7434E00328968 /* faschedule_left2.png */ = {isa = PBXFileReference; lastKnownFileType = image.png; path = faschedule_left2.png; sourceTree = "<group>"; };
		9D1609C915D7440900328968 /* SourceSansPro-Black.otf */ = {isa = PBXFileReference; lastKnownFileType = file; path = "SourceSansPro-Black.otf"; sourceTree = "<group>"; };
		9D1609CA15D7440900328968 /* SourceSansPro-BlackIt.otf */ = {isa = PBXFileReference; lastKnownFileType = file; path = "SourceSansPro-BlackIt.otf"; sourceTree = "<group>"; };
		9D1609CB15D7440900328968 /* SourceSansPro-Bold.otf */ = {isa = PBXFileReference; lastKnownFileType = file; path = "SourceSansPro-Bold.otf"; sourceTree = "<group>"; };
		9D1609CC15D7440900328968 /* SourceSansPro-BoldIt.otf */ = {isa = PBXFileReference; lastKnownFileType = file; path = "SourceSansPro-BoldIt.otf"; sourceTree = "<group>"; };
		9D1609CD15D7440900328968 /* SourceSansPro-ExtraLight.otf */ = {isa = PBXFileReference; lastKnownFileType = file; path = "SourceSansPro-ExtraLight.otf"; sourceTree = "<group>"; };
		9D1609CE15D7440900328968 /* SourceSansPro-ExtraLightIt.otf */ = {isa = PBXFileReference; lastKnownFileType = file; path = "SourceSansPro-ExtraLightIt.otf"; sourceTree = "<group>"; };
		9D1609CF15D7440900328968 /* SourceSansPro-It.otf */ = {isa = PBXFileReference; lastKnownFileType = file; path = "SourceSansPro-It.otf"; sourceTree = "<group>"; };
		9D1609D015D7440900328968 /* SourceSansPro-Light.otf */ = {isa = PBXFileReference; lastKnownFileType = file; path = "SourceSansPro-Light.otf"; sourceTree = "<group>"; };
		9D1609D115D7440900328968 /* SourceSansPro-LightIt.otf */ = {isa = PBXFileReference; lastKnownFileType = file; path = "SourceSansPro-LightIt.otf"; sourceTree = "<group>"; };
		9D1609D215D7440900328968 /* SourceSansPro-Regular.otf */ = {isa = PBXFileReference; lastKnownFileType = file; path = "SourceSansPro-Regular.otf"; sourceTree = "<group>"; };
		9D1609D315D7440900328968 /* SourceSansPro-Semibold.otf */ = {isa = PBXFileReference; lastKnownFileType = file; path = "SourceSansPro-Semibold.otf"; sourceTree = "<group>"; };
		9D1609D415D7440900328968 /* SourceSansPro-SemiboldIt.otf */ = {isa = PBXFileReference; lastKnownFileType = file; path = "SourceSansPro-SemiboldIt.otf"; sourceTree = "<group>"; };
		9D376FE414082A9A008C53F5 /* QuartzCore.framework */ = {isa = PBXFileReference; lastKnownFileType = wrapper.framework; name = QuartzCore.framework; path = System/Library/Frameworks/QuartzCore.framework; sourceTree = SDKROOT; };
		9D376FE71408339B008C53F5 /* classStatusBG@2x.png */ = {isa = PBXFileReference; lastKnownFileType = image.png; path = "classStatusBG@2x.png"; sourceTree = "<group>"; };
		9D376FE9140837A4008C53F5 /* classStatusBG2@2x.png */ = {isa = PBXFileReference; lastKnownFileType = image.png; path = "classStatusBG2@2x.png"; sourceTree = "<group>"; };
		9D3BAE2F15D73111006014BE /* faschedule_left.png */ = {isa = PBXFileReference; lastKnownFileType = image.png; path = faschedule_left.png; sourceTree = "<group>"; };
		9D3F088715DC350C00E0A6EB /* cellbg2@2x.png */ = {isa = PBXFileReference; lastKnownFileType = image.png; path = "cellbg2@2x.png"; sourceTree = "<group>"; };
		9D3F088F15DC3EBD00E0A6EB /* tableBG2@2x.png */ = {isa = PBXFileReference; lastKnownFileType = image.png; path = "tableBG2@2x.png"; sourceTree = "<group>"; };
		9D7C0B8315D703FC00E8DB49 /* FacingView.h */ = {isa = PBXFileReference; fileEncoding = 4; lastKnownFileType = sourcecode.c.h; path = FacingView.h; sourceTree = "<group>"; };
		9D7C0B8415D703FC00E8DB49 /* FacingView.m */ = {isa = PBXFileReference; fileEncoding = 4; lastKnownFileType = sourcecode.c.objc; path = FacingView.m; sourceTree = "<group>"; };
		9D7C0B8515D703FC00E8DB49 /* FoldView.h */ = {isa = PBXFileReference; fileEncoding = 4; lastKnownFileType = sourcecode.c.h; path = FoldView.h; sourceTree = "<group>"; };
		9D7C0B8615D703FC00E8DB49 /* FoldView.m */ = {isa = PBXFileReference; fileEncoding = 4; lastKnownFileType = sourcecode.c.objc; path = FoldView.m; sourceTree = "<group>"; };
		9D7C0B8715D703FC00E8DB49 /* MultiFoldView.h */ = {isa = PBXFileReference; fileEncoding = 4; lastKnownFileType = sourcecode.c.h; path = MultiFoldView.h; sourceTree = "<group>"; };
		9D7C0B8815D703FC00E8DB49 /* MultiFoldView.m */ = {isa = PBXFileReference; fileEncoding = 4; lastKnownFileType = sourcecode.c.objc; path = MultiFoldView.m; sourceTree = "<group>"; };
		9D7C0B8915D703FC00E8DB49 /* PaperFoldNavigationController.h */ = {isa = PBXFileReference; fileEncoding = 4; lastKnownFileType = sourcecode.c.h; path = PaperFoldNavigationController.h; sourceTree = "<group>"; };
		9D7C0B8A15D703FC00E8DB49 /* PaperFoldNavigationController.m */ = {isa = PBXFileReference; fileEncoding = 4; lastKnownFileType = sourcecode.c.objc; path = PaperFoldNavigationController.m; sourceTree = "<group>"; };
		9D7C0B8B15D703FC00E8DB49 /* PaperFoldView.h */ = {isa = PBXFileReference; fileEncoding = 4; lastKnownFileType = sourcecode.c.h; path = PaperFoldView.h; sourceTree = "<group>"; };
		9D7C0B8C15D703FC00E8DB49 /* PaperFoldView.m */ = {isa = PBXFileReference; fileEncoding = 4; lastKnownFileType = sourcecode.c.objc; path = PaperFoldView.m; sourceTree = "<group>"; };
		9D7C0B8D15D703FC00E8DB49 /* ShadowView.h */ = {isa = PBXFileReference; fileEncoding = 4; lastKnownFileType = sourcecode.c.h; path = ShadowView.h; sourceTree = "<group>"; };
		9D7C0B8E15D703FC00E8DB49 /* ShadowView.m */ = {isa = PBXFileReference; fileEncoding = 4; lastKnownFileType = sourcecode.c.objc; path = ShadowView.m; sourceTree = "<group>"; };
		9D7C0B8F15D703FC00E8DB49 /* TouchThroughUIView.h */ = {isa = PBXFileReference; fileEncoding = 4; lastKnownFileType = sourcecode.c.h; path = TouchThroughUIView.h; sourceTree = "<group>"; };
		9D7C0B9015D703FC00E8DB49 /* TouchThroughUIView.m */ = {isa = PBXFileReference; fileEncoding = 4; lastKnownFileType = sourcecode.c.objc; path = TouchThroughUIView.m; sourceTree = "<group>"; };
		9D7C0B9115D703FC00E8DB49 /* UIView+Screenshot.h */ = {isa = PBXFileReference; fileEncoding = 4; lastKnownFileType = sourcecode.c.h; path = "UIView+Screenshot.h"; sourceTree = "<group>"; };
		9D7C0B9215D703FC00E8DB49 /* UIView+Screenshot.m */ = {isa = PBXFileReference; fileEncoding = 4; lastKnownFileType = sourcecode.c.objc; path = "UIView+Screenshot.m"; sourceTree = "<group>"; };
		9D7C0B9B15D7041400E8DB49 /* RootViewController.h */ = {isa = PBXFileReference; fileEncoding = 4; lastKnownFileType = sourcecode.c.h; path = RootViewController.h; sourceTree = "<group>"; };
		9D7C0B9C15D7041400E8DB49 /* RootViewController.m */ = {isa = PBXFileReference; fileEncoding = 4; lastKnownFileType = sourcecode.c.objc; path = RootViewController.m; sourceTree = "<group>"; };
		9D7C0BA015D70D0600E8DB49 /* LeftViewController.h */ = {isa = PBXFileReference; fileEncoding = 4; lastKnownFileType = sourcecode.c.h; path = LeftViewController.h; sourceTree = "<group>"; };
		9D7C0BA115D70D0600E8DB49 /* LeftViewController.m */ = {isa = PBXFileReference; fileEncoding = 4; lastKnownFileType = sourcecode.c.objc; path = LeftViewController.m; sourceTree = "<group>"; };
		9D7C0BA215D70D0700E8DB49 /* LeftViewController.xib */ = {isa = PBXFileReference; fileEncoding = 4; lastKnownFileType = file.xib; name = LeftViewController.xib; path = FAschedule/LeftViewController.xib; sourceTree = "<group>"; };
		9D7C0BA515D711AC00E8DB49 /* DropshadowLeft@2x.png */ = {isa = PBXFileReference; lastKnownFileType = image.png; path = "DropshadowLeft@2x.png"; sourceTree = "<group>"; };
		9D7C0BA715D713D500E8DB49 /* btn-red-on@2x.png */ = {isa = PBXFileReference; lastKnownFileType = image.png; path = "btn-red-on@2x.png"; sourceTree = "<group>"; };
		9D7C0BA915D7148800E8DB49 /* background@2x.png */ = {isa = PBXFileReference; lastKnownFileType = image.png; path = "background@2x.png"; sourceTree = "<group>"; };
		9D81C93E143917B800BBF0CE /* classStatusBG3@2x.png */ = {isa = PBXFileReference; lastKnownFileType = image.png; path = "classStatusBG3@2x.png"; sourceTree = "<group>"; };
		9DC2E7B115DB3F2A005757EF /* icon.png */ = {isa = PBXFileReference; lastKnownFileType = image.png; name = icon.png; path = ../icon.png; sourceTree = "<group>"; };
		9DC2E7B315DB3F2E005757EF /* icon@2x.png */ = {isa = PBXFileReference; lastKnownFileType = image.png; name = "icon@2x.png"; path = "../icon@2x.png"; sourceTree = "<group>"; };
		9DF1790015DC436D0076C29A /* faschedule_left3.png */ = {isa = PBXFileReference; lastKnownFileType = image.png; path = faschedule_left3.png; sourceTree = "<group>"; };
		9DF1790215DC45180076C29A /* buttonp.png */ = {isa = PBXFileReference; lastKnownFileType = image.png; path = buttonp.png; sourceTree = "<group>"; };
		9DF1790415DC46E00076C29A /* bgtexture@2x.png */ = {isa = PBXFileReference; lastKnownFileType = image.png; path = "bgtexture@2x.png"; sourceTree = "<group>"; };
		CE0788631364BC5A00387598 /* CustomCell.h */ = {isa = PBXFileReference; fileEncoding = 4; lastKnownFileType = sourcecode.c.h; path = CustomCell.h; sourceTree = "<group>"; };
		CE0788641364BC5B00387598 /* CustomCell.m */ = {isa = PBXFileReference; fileEncoding = 4; lastKnownFileType = sourcecode.c.objc; path = CustomCell.m; sourceTree = "<group>"; };
		CE0788661364BE4100387598 /* CustomCell.xib */ = {isa = PBXFileReference; fileEncoding = 4; lastKnownFileType = file.xib; name = CustomCell.xib; path = FAschedule/CustomCell.xib; sourceTree = "<group>"; };
		CE2C41DD13F0574D00583F85 /* CustomColors.h */ = {isa = PBXFileReference; fileEncoding = 4; lastKnownFileType = sourcecode.c.h; path = CustomColors.h; sourceTree = "<group>"; };
		CE2C41DE13F0574D00583F85 /* CustomColors.m */ = {isa = PBXFileReference; fileEncoding = 4; lastKnownFileType = sourcecode.c.objc; path = CustomColors.m; sourceTree = "<group>"; };
		CE30F9A714155276002A4DC3 /* Icon.png */ = {isa = PBXFileReference; lastKnownFileType = image.png; name = Icon.png; path = ../Icon.png; sourceTree = "<group>"; };
		CE30F9A914155291002A4DC3 /* Icon@2x.png */ = {isa = PBXFileReference; lastKnownFileType = image.png; name = "Icon@2x.png"; path = "../Icon@2x.png"; sourceTree = "<group>"; };
		CE346E471376EA7600833E8B /* Subjects.plist */ = {isa = PBXFileReference; fileEncoding = 4; lastKnownFileType = text.plist.xml; path = Subjects.plist; sourceTree = "<group>"; };
		CE5FD83E1366640100A860E8 /* TitleBar.png */ = {isa = PBXFileReference; lastKnownFileType = image.png; path = TitleBar.png; sourceTree = "<group>"; };
		CE5FD8401366669E00A860E8 /* cellgradient.png */ = {isa = PBXFileReference; lastKnownFileType = image.png; path = cellgradient.png; sourceTree = "<group>"; };
		CE5FD8511369EC3A00A860E8 /* Block.h */ = {isa = PBXFileReference; fileEncoding = 4; lastKnownFileType = sourcecode.c.h; path = Block.h; sourceTree = "<group>"; };
		CE5FD8521369EC3A00A860E8 /* Block.m */ = {isa = PBXFileReference; fileEncoding = 4; lastKnownFileType = sourcecode.c.objc; path = Block.m; sourceTree = "<group>"; };
		CE5FD85C136B791F00A860E8 /* Week.h */ = {isa = PBXFileReference; fileEncoding = 4; lastKnownFileType = sourcecode.c.h; path = Week.h; sourceTree = "<group>"; };
		CE5FD85D136B791F00A860E8 /* Week.m */ = {isa = PBXFileReference; fileEncoding = 4; lastKnownFileType = sourcecode.c.objc; path = Week.m; sourceTree = "<group>"; };
		CE6045B81361B62100C43EF1 /* FAschedule.app */ = {isa = PBXFileReference; explicitFileType = wrapper.application; includeInIndex = 0; path = FAschedule.app; sourceTree = BUILT_PRODUCTS_DIR; };
		CE6045BC1361B62100C43EF1 /* UIKit.framework */ = {isa = PBXFileReference; lastKnownFileType = wrapper.framework; name = UIKit.framework; path = System/Library/Frameworks/UIKit.framework; sourceTree = SDKROOT; };
		CE6045BE1361B62100C43EF1 /* Foundation.framework */ = {isa = PBXFileReference; lastKnownFileType = wrapper.framework; name = Foundation.framework; path = System/Library/Frameworks/Foundation.framework; sourceTree = SDKROOT; };
		CE6045C01361B62100C43EF1 /* CoreGraphics.framework */ = {isa = PBXFileReference; lastKnownFileType = wrapper.framework; name = CoreGraphics.framework; path = System/Library/Frameworks/CoreGraphics.framework; sourceTree = SDKROOT; };
		CE6045C41361B62100C43EF1 /* FAschedule-Info.plist */ = {isa = PBXFileReference; lastKnownFileType = text.plist.xml; path = "FAschedule-Info.plist"; sourceTree = "<group>"; };
		CE6045C61361B62100C43EF1 /* en */ = {isa = PBXFileReference; lastKnownFileType = text.plist.strings; name = en; path = en.lproj/InfoPlist.strings; sourceTree = "<group>"; };
		CE6045C81361B62100C43EF1 /* FAschedule-Prefix.pch */ = {isa = PBXFileReference; lastKnownFileType = sourcecode.c.h; path = "FAschedule-Prefix.pch"; sourceTree = "<group>"; };
		CE6045C91361B62100C43EF1 /* main.m */ = {isa = PBXFileReference; lastKnownFileType = sourcecode.c.objc; path = main.m; sourceTree = "<group>"; };
		CE6045CB1361B62100C43EF1 /* FAscheduleAppDelegate.h */ = {isa = PBXFileReference; lastKnownFileType = sourcecode.c.h; path = FAscheduleAppDelegate.h; sourceTree = "<group>"; };
		CE6045CC1361B62100C43EF1 /* FAscheduleAppDelegate.m */ = {isa = PBXFileReference; lastKnownFileType = sourcecode.c.objc; lineEnding = 0; path = FAscheduleAppDelegate.m; sourceTree = "<group>"; xcLanguageSpecificationIdentifier = xcode.lang.objc; };
		CE6045CF1361B62100C43EF1 /* en */ = {isa = PBXFileReference; lastKnownFileType = file.xib; name = en; path = en.lproj/MainWindow.xib; sourceTree = "<group>"; };
		CE6045DD1361B8A300C43EF1 /* ScheduleViewController.h */ = {isa = PBXFileReference; fileEncoding = 4; lastKnownFileType = sourcecode.c.h; lineEnding = 0; path = ScheduleViewController.h; sourceTree = "<group>"; xcLanguageSpecificationIdentifier = xcode.lang.objcpp; };
		CE6045DE1361B8A300C43EF1 /* ScheduleViewController.m */ = {isa = PBXFileReference; fileEncoding = 4; lastKnownFileType = sourcecode.c.objc; lineEnding = 0; path = ScheduleViewController.m; sourceTree = "<group>"; xcLanguageSpecificationIdentifier = xcode.lang.objc; };
		CE77C9D3137487410050763B /* SettingsViewController_1.h */ = {isa = PBXFileReference; fileEncoding = 4; lastKnownFileType = sourcecode.c.h; path = SettingsViewController_1.h; sourceTree = "<group>"; };
		CE77C9D4137487410050763B /* SettingsViewController_1.m */ = {isa = PBXFileReference; fileEncoding = 4; lastKnownFileType = sourcecode.c.objc; path = SettingsViewController_1.m; sourceTree = "<group>"; };
		CE77C9D91374C5570050763B /* SettingsView_2.xib */ = {isa = PBXFileReference; fileEncoding = 4; lastKnownFileType = file.xib; name = SettingsView_2.xib; path = FAschedule/SettingsView_2.xib; sourceTree = "<group>"; };
		CE77C9DB1374C96F0050763B /* SettingsViewController_2.h */ = {isa = PBXFileReference; fileEncoding = 4; lastKnownFileType = sourcecode.c.h; lineEnding = 0; path = SettingsViewController_2.h; sourceTree = "<group>"; xcLanguageSpecificationIdentifier = xcode.lang.objcpp; };
		CE77C9DC1374C96F0050763B /* SettingsViewController_2.m */ = {isa = PBXFileReference; fileEncoding = 4; lastKnownFileType = sourcecode.c.objc; lineEnding = 0; path = SettingsViewController_2.m; sourceTree = "<group>"; xcLanguageSpecificationIdentifier = xcode.lang.objc; };
		CE8B131B1416E1860032628C /* middleCell.png */ = {isa = PBXFileReference; lastKnownFileType = image.png; path = middleCell.png; sourceTree = "<group>"; };
		CE8B131C1416E1860032628C /* topCell.png */ = {isa = PBXFileReference; lastKnownFileType = image.png; path = topCell.png; sourceTree = "<group>"; };
		CE8B131D1416E1860032628C /* bottomCell.png */ = {isa = PBXFileReference; lastKnownFileType = image.png; path = bottomCell.png; sourceTree = "<group>"; };
		CE8B13311417050E0032628C /* tableBG.png */ = {isa = PBXFileReference; lastKnownFileType = image.png; name = tableBG.png; path = ../tableBG.png; sourceTree = "<group>"; };
		CE8D1568140029FA004C25AE /* Period.h */ = {isa = PBXFileReference; fileEncoding = 4; lastKnownFileType = sourcecode.c.h; path = Period.h; sourceTree = "<group>"; };
		CE8D1569140029FB004C25AE /* Period.m */ = {isa = PBXFileReference; fileEncoding = 4; lastKnownFileType = sourcecode.c.objc; path = Period.m; sourceTree = "<group>"; };
		CE8D156C14009480004C25AE /* LunchViewController.h */ = {isa = PBXFileReference; fileEncoding = 4; lastKnownFileType = sourcecode.c.h; path = LunchViewController.h; sourceTree = "<group>"; };
		CE8D156D14009480004C25AE /* LunchViewController.m */ = {isa = PBXFileReference; fileEncoding = 4; lastKnownFileType = sourcecode.c.objc; path = LunchViewController.m; sourceTree = "<group>"; };
		CE8D156E14009480004C25AE /* LunchViewController.xib */ = {isa = PBXFileReference; fileEncoding = 4; lastKnownFileType = file.xib; name = LunchViewController.xib; path = FAschedule/LunchViewController.xib; sourceTree = "<group>"; };
		CE91EFA1140175F70001F533 /* StudentSchedStore.h */ = {isa = PBXFileReference; fileEncoding = 4; lastKnownFileType = sourcecode.c.h; path = StudentSchedStore.h; sourceTree = "<group>"; };
		CE91EFA2140175F70001F533 /* StudentSchedStore.m */ = {isa = PBXFileReference; fileEncoding = 4; lastKnownFileType = sourcecode.c.objc; path = StudentSchedStore.m; sourceTree = "<group>"; };
		CE91EFA4140176EF0001F533 /* StudentSched.h */ = {isa = PBXFileReference; fileEncoding = 4; lastKnownFileType = sourcecode.c.h; path = StudentSched.h; sourceTree = "<group>"; };
		CE91EFA5140176EF0001F533 /* StudentSched.m */ = {isa = PBXFileReference; fileEncoding = 4; lastKnownFileType = sourcecode.c.objc; path = StudentSched.m; sourceTree = "<group>"; };
		CE91EFAC140191E10001F533 /* Week.plist */ = {isa = PBXFileReference; fileEncoding = 4; lastKnownFileType = text.plist.xml; path = Week.plist; sourceTree = "<group>"; };
		CE97CF8115EFDB2B00708145 /* WeekAB.h */ = {isa = PBXFileReference; fileEncoding = 4; lastKnownFileType = sourcecode.c.h; path = WeekAB.h; sourceTree = "<group>"; };
		CE97CF8215EFDB2B00708145 /* WeekAB.m */ = {isa = PBXFileReference; fileEncoding = 4; lastKnownFileType = sourcecode.c.objc; path = WeekAB.m; sourceTree = "<group>"; };
		CE97CF8515EFE49E00708145 /* ExtensionCell.h */ = {isa = PBXFileReference; fileEncoding = 4; lastKnownFileType = sourcecode.c.h; path = ExtensionCell.h; sourceTree = "<group>"; };
		CE97CF8615EFE49E00708145 /* ExtensionCell.m */ = {isa = PBXFileReference; fileEncoding = 4; lastKnownFileType = sourcecode.c.objc; path = ExtensionCell.m; sourceTree = "<group>"; };
		CE97CF8815EFE5C200708145 /* ExtensionCell.xib */ = {isa = PBXFileReference; fileEncoding = 4; lastKnownFileType = file.xib; path = ExtensionCell.xib; sourceTree = "<group>"; };
		CE97CF8A15EFEC9900708145 /* extCellgradient@2x.png */ = {isa = PBXFileReference; lastKnownFileType = image.png; path = "extCellgradient@2x.png"; sourceTree = "<group>"; };
		CE98279F15F1298000B46639 /* calendar@2x.png */ = {isa = PBXFileReference; lastKnownFileType = image.png; path = "calendar@2x.png"; sourceTree = "<group>"; };
		CE9827A215F12C1200B46639 /* show_lines@2x.png */ = {isa = PBXFileReference; lastKnownFileType = image.png; path = "show_lines@2x.png"; sourceTree = "<group>"; };
		CEA06DDF14048E1600060D11 /* HelpViewController.h */ = {isa = PBXFileReference; fileEncoding = 4; lastKnownFileType = sourcecode.c.h; path = HelpViewController.h; sourceTree = "<group>"; };
		CEA06DE014048E1600060D11 /* HelpViewController.m */ = {isa = PBXFileReference; fileEncoding = 4; lastKnownFileType = sourcecode.c.objc; path = HelpViewController.m; sourceTree = "<group>"; };
		CEA06DE114048E1600060D11 /* HelpViewController.xib */ = {isa = PBXFileReference; fileEncoding = 4; lastKnownFileType = file.xib; name = HelpViewController.xib; path = FAschedule/HelpViewController.xib; sourceTree = "<group>"; };
		CEA37B8313837ED000EE9A70 /* Time.h */ = {isa = PBXFileReference; fileEncoding = 4; lastKnownFileType = sourcecode.c.h; path = Time.h; sourceTree = "<group>"; };
		CEA37B8413837ED000EE9A70 /* Time.m */ = {isa = PBXFileReference; fileEncoding = 4; lastKnownFileType = sourcecode.c.objc; path = Time.m; sourceTree = "<group>"; };
		CEA37B8F13841D3C00EE9A70 /* SettingsViewController_3.h */ = {isa = PBXFileReference; fileEncoding = 4; lastKnownFileType = sourcecode.c.h; lineEnding = 0; path = SettingsViewController_3.h; sourceTree = "<group>"; xcLanguageSpecificationIdentifier = xcode.lang.objcpp; };
		CEA37B9013841D3C00EE9A70 /* SettingsViewController_3.m */ = {isa = PBXFileReference; fileEncoding = 4; lastKnownFileType = sourcecode.c.objc; lineEnding = 0; path = SettingsViewController_3.m; sourceTree = "<group>"; xcLanguageSpecificationIdentifier = xcode.lang.objc; };
		CEB6267E138D49A100151951 /* fa2x.png */ = {isa = PBXFileReference; lastKnownFileType = image.png; name = fa2x.png; path = ../fa2x.png; sourceTree = "<group>"; };
		CEB62681138D49C000151951 /* fa1x.png */ = {isa = PBXFileReference; lastKnownFileType = image.png; name = fa1x.png; path = ../fa1x.png; sourceTree = "<group>"; };
		CEC9130F14314A08002191AA /* SettingsView_1.xib */ = {isa = PBXFileReference; fileEncoding = 4; lastKnownFileType = file.xib; path = SettingsView_1.xib; sourceTree = "<group>"; };
		CED0E1FC1429654000FCEDC4 /* Constants.h */ = {isa = PBXFileReference; fileEncoding = 4; lastKnownFileType = sourcecode.c.h; path = Constants.h; sourceTree = "<group>"; };
		CED0E1FD1429654000FCEDC4 /* Constants.m */ = {isa = PBXFileReference; fileEncoding = 4; lastKnownFileType = sourcecode.c.objc; path = Constants.m; sourceTree = "<group>"; };
/* End PBXFileReference section */

/* Begin PBXFrameworksBuildPhase section */
		CE6045B51361B62100C43EF1 /* Frameworks */ = {
			isa = PBXFrameworksBuildPhase;
			buildActionMask = 2147483647;
			files = (
				9D376FE514082A9A008C53F5 /* QuartzCore.framework in Frameworks */,
				CE6045BD1361B62100C43EF1 /* UIKit.framework in Frameworks */,
				CE6045BF1361B62100C43EF1 /* Foundation.framework in Frameworks */,
				CE6045C11361B62100C43EF1 /* CoreGraphics.framework in Frameworks */,
			);
			runOnlyForDeploymentPostprocessing = 0;
		};
/* End PBXFrameworksBuildPhase section */

/* Begin PBXGroup section */
		9D1609D515D7441700328968 /* fonts */ = {
			isa = PBXGroup;
			children = (
				9D1609C915D7440900328968 /* SourceSansPro-Black.otf */,
				9D1609CA15D7440900328968 /* SourceSansPro-BlackIt.otf */,
				9D1609CB15D7440900328968 /* SourceSansPro-Bold.otf */,
				9D1609CC15D7440900328968 /* SourceSansPro-BoldIt.otf */,
				9D1609CD15D7440900328968 /* SourceSansPro-ExtraLight.otf */,
				9D1609CE15D7440900328968 /* SourceSansPro-ExtraLightIt.otf */,
				9D1609CF15D7440900328968 /* SourceSansPro-It.otf */,
				9D1609D015D7440900328968 /* SourceSansPro-Light.otf */,
				9D1609D115D7440900328968 /* SourceSansPro-LightIt.otf */,
				9D1609D215D7440900328968 /* SourceSansPro-Regular.otf */,
				9D1609D315D7440900328968 /* SourceSansPro-Semibold.otf */,
				9D1609D415D7440900328968 /* SourceSansPro-SemiboldIt.otf */,
			);
			name = fonts;
			sourceTree = "<group>";
		};
		9D7C0B8215D703FC00E8DB49 /* PaperFold */ = {
			isa = PBXGroup;
			children = (
				9D7C0B8315D703FC00E8DB49 /* FacingView.h */,
				9D7C0B8415D703FC00E8DB49 /* FacingView.m */,
				9D7C0B8515D703FC00E8DB49 /* FoldView.h */,
				9D7C0B8615D703FC00E8DB49 /* FoldView.m */,
				9D7C0B8715D703FC00E8DB49 /* MultiFoldView.h */,
				9D7C0B8815D703FC00E8DB49 /* MultiFoldView.m */,
				9D7C0B8915D703FC00E8DB49 /* PaperFoldNavigationController.h */,
				9D7C0B8A15D703FC00E8DB49 /* PaperFoldNavigationController.m */,
				9D7C0B8B15D703FC00E8DB49 /* PaperFoldView.h */,
				9D7C0B8C15D703FC00E8DB49 /* PaperFoldView.m */,
				9D7C0B8D15D703FC00E8DB49 /* ShadowView.h */,
				9D7C0B8E15D703FC00E8DB49 /* ShadowView.m */,
				9D7C0B8F15D703FC00E8DB49 /* TouchThroughUIView.h */,
				9D7C0B9015D703FC00E8DB49 /* TouchThroughUIView.m */,
				9D7C0B9115D703FC00E8DB49 /* UIView+Screenshot.h */,
				9D7C0B9215D703FC00E8DB49 /* UIView+Screenshot.m */,
			);
			name = PaperFold;
			path = ../PaperFold;
			sourceTree = "<group>";
		};
		CE07885713633B5200387598 /* Images */ = {
			isa = PBXGroup;
			children = (
				CE9827A215F12C1200B46639 /* show_lines@2x.png */,
				CE98279F15F1298000B46639 /* calendar@2x.png */,
				9D81C93E143917B800BBF0CE /* classStatusBG3@2x.png */,
				CE8B131B1416E1860032628C /* middleCell.png */,
				CE8B131C1416E1860032628C /* topCell.png */,
				CE8B131D1416E1860032628C /* bottomCell.png */,
				CE30F9A914155291002A4DC3 /* Icon@2x.png */,
				CE30F9A714155276002A4DC3 /* Icon.png */,
				9D376FE71408339B008C53F5 /* classStatusBG@2x.png */,
				9D376FE9140837A4008C53F5 /* classStatusBG2@2x.png */,
				CE8B13311417050E0032628C /* tableBG.png */,
				CEB62681138D49C000151951 /* fa1x.png */,
				CEB6267E138D49A100151951 /* fa2x.png */,
				CE5FD8401366669E00A860E8 /* cellgradient.png */,
				CE97CF8A15EFEC9900708145 /* extCellgradient@2x.png */,
				CE5FD83E1366640100A860E8 /* TitleBar.png */,
				9D3F088F15DC3EBD00E0A6EB /* tableBG2@2x.png */,
				9D7C0BA515D711AC00E8DB49 /* DropshadowLeft@2x.png */,
				9D7C0BA715D713D500E8DB49 /* btn-red-on@2x.png */,
				9D7C0BA915D7148800E8DB49 /* background@2x.png */,
				9D3BAE2F15D73111006014BE /* faschedule_left.png */,
				9D1609C715D7434E00328968 /* faschedule_left2.png */,
				9D0C89D715D8363F0079F653 /* button.png */,
				9DF1790215DC45180076C29A /* buttonp.png */,
				9D0C89DA15D8452B0079F653 /* cogwheel@2x.png */,
				9D3F088715DC350C00E0A6EB /* cellbg2@2x.png */,
				9DF1790015DC436D0076C29A /* faschedule_left3.png */,
				9DF1790415DC46E00076C29A /* bgtexture@2x.png */,
				9DC2E7B315DB3F2E005757EF /* icon@2x.png */,
				9DC2E7B115DB3F2A005757EF /* icon.png */,
				9D0C32FD14314B9F0026D60D /* Icon-iPad.png */,
			);
			name = Images;
			sourceTree = "<group>";
		};
		CE2A080513F1E1F0009C1F92 /* View Controllers */ = {
			isa = PBXGroup;
			children = (
				9D7C0B9B15D7041400E8DB49 /* RootViewController.h */,
				9D7C0B9C15D7041400E8DB49 /* RootViewController.m */,
				9D7C0BA015D70D0600E8DB49 /* LeftViewController.h */,
				9D7C0BA115D70D0600E8DB49 /* LeftViewController.m */,
				CE6045DD1361B8A300C43EF1 /* ScheduleViewController.h */,
				CE6045DE1361B8A300C43EF1 /* ScheduleViewController.m */,
				CE77C9D3137487410050763B /* SettingsViewController_1.h */,
				CE77C9D4137487410050763B /* SettingsViewController_1.m */,
				CE77C9DB1374C96F0050763B /* SettingsViewController_2.h */,
				CE77C9DC1374C96F0050763B /* SettingsViewController_2.m */,
				CEA37B8F13841D3C00EE9A70 /* SettingsViewController_3.h */,
				CEA37B9013841D3C00EE9A70 /* SettingsViewController_3.m */,
				CE8D156C14009480004C25AE /* LunchViewController.h */,
				CE8D156D14009480004C25AE /* LunchViewController.m */,
				CEA06DDF14048E1600060D11 /* HelpViewController.h */,
				CEA06DE014048E1600060D11 /* HelpViewController.m */,
			);
			name = "View Controllers";
			sourceTree = "<group>";
		};
		CE2A080713F1E218009C1F92 /* Model */ = {
			isa = PBXGroup;
			children = (
				CED0E1FC1429654000FCEDC4 /* Constants.h */,
				CED0E1FD1429654000FCEDC4 /* Constants.m */,
				CE97CF8115EFDB2B00708145 /* WeekAB.h */,
				CE97CF8215EFDB2B00708145 /* WeekAB.m */,
				CE5FD8511369EC3A00A860E8 /* Block.h */,
				CE5FD8521369EC3A00A860E8 /* Block.m */,
				CE5FD85C136B791F00A860E8 /* Week.h */,
				CE5FD85D136B791F00A860E8 /* Week.m */,
				CEA37B8313837ED000EE9A70 /* Time.h */,
				CEA37B8413837ED000EE9A70 /* Time.m */,
				CE8D1568140029FA004C25AE /* Period.h */,
				CE8D1569140029FB004C25AE /* Period.m */,
				CE91EFA4140176EF0001F533 /* StudentSched.h */,
				CE91EFA5140176EF0001F533 /* StudentSched.m */,
				CE91EFA1140175F70001F533 /* StudentSchedStore.h */,
				CE91EFA2140175F70001F533 /* StudentSchedStore.m */,
			);
			name = Model;
			sourceTree = "<group>";
		};
		CE2C41E113F0577800583F85 /* Categories */ = {
			isa = PBXGroup;
			children = (
				CE2C41DD13F0574D00583F85 /* CustomColors.h */,
				CE2C41DE13F0574D00583F85 /* CustomColors.m */,
				9D08A1011408298C007ABD3F /* UINavigationBar+fadeBar.h */,
				9D08A1021408298C007ABD3F /* UINavigationBar+fadeBar.m */,
			);
			name = Categories;
			sourceTree = "<group>";
		};
		CE6045AD1361B62100C43EF1 = {
			isa = PBXGroup;
			children = (
				CE6045C21361B62100C43EF1 /* FAschedule */,
				CE6045BB1361B62100C43EF1 /* Frameworks */,
				CE6045B91361B62100C43EF1 /* Products */,
			);
			sourceTree = "<group>";
		};
		CE6045B91361B62100C43EF1 /* Products */ = {
			isa = PBXGroup;
			children = (
				CE6045B81361B62100C43EF1 /* FAschedule.app */,
			);
			name = Products;
			sourceTree = "<group>";
		};
		CE6045BB1361B62100C43EF1 /* Frameworks */ = {
			isa = PBXGroup;
			children = (
				9D376FE414082A9A008C53F5 /* QuartzCore.framework */,
				CE6045BC1361B62100C43EF1 /* UIKit.framework */,
				CE6045BE1361B62100C43EF1 /* Foundation.framework */,
				CE6045C01361B62100C43EF1 /* CoreGraphics.framework */,
			);
			name = Frameworks;
			sourceTree = "<group>";
		};
		CE6045C21361B62100C43EF1 /* FAschedule */ = {
			isa = PBXGroup;
			children = (
				CE6045CB1361B62100C43EF1 /* FAscheduleAppDelegate.h */,
				CE6045CC1361B62100C43EF1 /* FAscheduleAppDelegate.m */,
				9D7C0B8215D703FC00E8DB49 /* PaperFold */,
				CE9827A415F1473000B46639 /* Cells */,
				9D1609D515D7441700328968 /* fonts */,
				CE7C276C141BBC84007D24C5 /* Nibs */,
				CE2A080513F1E1F0009C1F92 /* View Controllers */,
				CE2A080713F1E218009C1F92 /* Model */,
				CE2C41E113F0577800583F85 /* Categories */,
				CE07885713633B5200387598 /* Images */,
				CE6045C31361B62100C43EF1 /* Supporting Files */,
			);
			path = FAschedule;
			sourceTree = "<group>";
		};
		CE6045C31361B62100C43EF1 /* Supporting Files */ = {
			isa = PBXGroup;
			children = (
				CE6045C41361B62100C43EF1 /* FAschedule-Info.plist */,
				CE6045C51361B62100C43EF1 /* InfoPlist.strings */,
				CE6045C81361B62100C43EF1 /* FAschedule-Prefix.pch */,
				CE6045C91361B62100C43EF1 /* main.m */,
				CE91EFAC140191E10001F533 /* Week.plist */,
				CE346E471376EA7600833E8B /* Subjects.plist */,
			);
			name = "Supporting Files";
			sourceTree = "<group>";
		};
		CE7C276C141BBC84007D24C5 /* Nibs */ = {
			isa = PBXGroup;
			children = (
				9D7C0BA215D70D0700E8DB49 /* LeftViewController.xib */,
				CEC9130F14314A08002191AA /* SettingsView_1.xib */,
				CE8D156E14009480004C25AE /* LunchViewController.xib */,
				CEA06DE114048E1600060D11 /* HelpViewController.xib */,
				CE0788661364BE4100387598 /* CustomCell.xib */,
				CE97CF8815EFE5C200708145 /* ExtensionCell.xib */,
				CE6045CE1361B62100C43EF1 /* MainWindow.xib */,
				CE77C9D91374C5570050763B /* SettingsView_2.xib */,
			);
			name = Nibs;
			path = ..;
			sourceTree = "<group>";
		};
		CE9827A415F1473000B46639 /* Cells */ = {
			isa = PBXGroup;
			children = (
				CE0788631364BC5A00387598 /* CustomCell.h */,
				CE0788641364BC5B00387598 /* CustomCell.m */,
				CE97CF8515EFE49E00708145 /* ExtensionCell.h */,
				CE97CF8615EFE49E00708145 /* ExtensionCell.m */,
			);
			name = Cells;
			sourceTree = "<group>";
		};
/* End PBXGroup section */

/* Begin PBXNativeTarget section */
		CE6045B71361B62100C43EF1 /* FAschedule */ = {
			isa = PBXNativeTarget;
			buildConfigurationList = CE6045D31361B62100C43EF1 /* Build configuration list for PBXNativeTarget "FAschedule" */;
			buildPhases = (
				CE6045B41361B62100C43EF1 /* Sources */,
				CE6045B51361B62100C43EF1 /* Frameworks */,
				CE6045B61361B62100C43EF1 /* Resources */,
			);
			buildRules = (
			);
			dependencies = (
			);
			name = FAschedule;
			productName = FAschedule;
			productReference = CE6045B81361B62100C43EF1 /* FAschedule.app */;
			productType = "com.apple.product-type.application";
		};
/* End PBXNativeTarget section */

/* Begin PBXProject section */
		CE6045AF1361B62100C43EF1 /* Project object */ = {
			isa = PBXProject;
			attributes = {
				LastUpgradeCheck = 0420;
			};
			buildConfigurationList = CE6045B21361B62100C43EF1 /* Build configuration list for PBXProject "FAschedule" */;
			compatibilityVersion = "Xcode 3.2";
			developmentRegion = English;
			hasScannedForEncodings = 0;
			knownRegions = (
				en,
			);
			mainGroup = CE6045AD1361B62100C43EF1;
			productRefGroup = CE6045B91361B62100C43EF1 /* Products */;
			projectDirPath = "";
			projectRoot = "";
			targets = (
				CE6045B71361B62100C43EF1 /* FAschedule */,
			);
		};
/* End PBXProject section */

/* Begin PBXResourcesBuildPhase section */
		CE6045B61361B62100C43EF1 /* Resources */ = {
			isa = PBXResourcesBuildPhase;
			buildActionMask = 2147483647;
			files = (
				CE6045C71361B62100C43EF1 /* InfoPlist.strings in Resources */,
				CE6045D01361B62100C43EF1 /* MainWindow.xib in Resources */,
				CE0788671364BE4100387598 /* CustomCell.xib in Resources */,
				CE5FD83F1366640100A860E8 /* TitleBar.png in Resources */,
				CE5FD8411366669E00A860E8 /* cellgradient.png in Resources */,
				CE77C9DA1374C5580050763B /* SettingsView_2.xib in Resources */,
				CE346E481376EA7600833E8B /* Subjects.plist in Resources */,
				CEB6267F138D49A100151951 /* fa2x.png in Resources */,
				CEB62682138D49C000151951 /* fa1x.png in Resources */,
				CE8D157014009480004C25AE /* LunchViewController.xib in Resources */,
				CE91EFAD140191E10001F533 /* Week.plist in Resources */,
				CEA06DE314048E1600060D11 /* HelpViewController.xib in Resources */,
				9D376FE81408339B008C53F5 /* classStatusBG@2x.png in Resources */,
				9D376FEA140837A4008C53F5 /* classStatusBG2@2x.png in Resources */,
				CE30F9A814155276002A4DC3 /* Icon.png in Resources */,
				CE30F9AA14155291002A4DC3 /* Icon@2x.png in Resources */,
				CE8B131E1416E1860032628C /* middleCell.png in Resources */,
				CE8B131F1416E1860032628C /* topCell.png in Resources */,
				CE8B13201416E1860032628C /* bottomCell.png in Resources */,
				CE8B13321417050F0032628C /* tableBG.png in Resources */,
				CEC9131114314A08002191AA /* SettingsView_1.xib in Resources */,
				9D0C32FE14314B9F0026D60D /* Icon-iPad.png in Resources */,
				9D81C93F143917B800BBF0CE /* classStatusBG3@2x.png in Resources */,
				9D7C0BA415D70D0700E8DB49 /* LeftViewController.xib in Resources */,
				9D7C0BA615D711AC00E8DB49 /* DropshadowLeft@2x.png in Resources */,
				9D7C0BA815D713D500E8DB49 /* btn-red-on@2x.png in Resources */,
				9D7C0BAA15D7148800E8DB49 /* background@2x.png in Resources */,
				9D3BAE3015D73112006014BE /* faschedule_left.png in Resources */,
				9D1609C815D7434E00328968 /* faschedule_left2.png in Resources */,
				9D0C89D815D8363F0079F653 /* button.png in Resources */,
				9D0C89DB15D8452B0079F653 /* cogwheel@2x.png in Resources */,
				9DC2E7B215DB3F2A005757EF /* icon.png in Resources */,
				9DC2E7B415DB3F2E005757EF /* icon@2x.png in Resources */,
				9D3F088815DC350C00E0A6EB /* cellbg2@2x.png in Resources */,
				9D3F089015DC3EBD00E0A6EB /* tableBG2@2x.png in Resources */,
				9DF1790115DC436D0076C29A /* faschedule_left3.png in Resources */,
				9DF1790315DC45180076C29A /* buttonp.png in Resources */,
				9DF1790515DC46E00076C29A /* bgtexture@2x.png in Resources */,
				CE97CF8915EFE5C200708145 /* ExtensionCell.xib in Resources */,
				CE97CF8B15EFEC9900708145 /* extCellgradient@2x.png in Resources */,
				CE9827A015F1298000B46639 /* calendar@2x.png in Resources */,
				CE9827A315F12C1200B46639 /* show_lines@2x.png in Resources */,
			);
			runOnlyForDeploymentPostprocessing = 0;
		};
/* End PBXResourcesBuildPhase section */

/* Begin PBXSourcesBuildPhase section */
		CE6045B41361B62100C43EF1 /* Sources */ = {
			isa = PBXSourcesBuildPhase;
			buildActionMask = 2147483647;
			files = (
				CE6045CA1361B62100C43EF1 /* main.m in Sources */,
				CE6045CD1361B62100C43EF1 /* FAscheduleAppDelegate.m in Sources */,
				CE6045DF1361B8A400C43EF1 /* ScheduleViewController.m in Sources */,
				CE0788651364BC5B00387598 /* CustomCell.m in Sources */,
				CE5FD8531369EC3A00A860E8 /* Block.m in Sources */,
				CE5FD85E136B791F00A860E8 /* Week.m in Sources */,
				CE77C9D6137487420050763B /* SettingsViewController_1.m in Sources */,
				CE77C9DD1374C96F0050763B /* SettingsViewController_2.m in Sources */,
				CEA37B8513837ED000EE9A70 /* Time.m in Sources */,
				CEA37B9113841D3C00EE9A70 /* SettingsViewController_3.m in Sources */,
				CE2C41DF13F0574D00583F85 /* CustomColors.m in Sources */,
				CE8D156A140029FB004C25AE /* Period.m in Sources */,
				CE8D156F14009480004C25AE /* LunchViewController.m in Sources */,
				CE91EFA3140175F70001F533 /* StudentSchedStore.m in Sources */,
				CE91EFA6140176EF0001F533 /* StudentSched.m in Sources */,
				CEA06DE214048E1600060D11 /* HelpViewController.m in Sources */,
				9D08A1031408298C007ABD3F /* UINavigationBar+fadeBar.m in Sources */,
				CED0E1FE1429654000FCEDC4 /* Constants.m in Sources */,
				9D7C0B9315D703FC00E8DB49 /* FacingView.m in Sources */,
				9D7C0B9415D703FC00E8DB49 /* FoldView.m in Sources */,
				9D7C0B9515D703FC00E8DB49 /* MultiFoldView.m in Sources */,
				9D7C0B9615D703FD00E8DB49 /* PaperFoldNavigationController.m in Sources */,
				9D7C0B9715D703FD00E8DB49 /* PaperFoldView.m in Sources */,
				9D7C0B9815D703FD00E8DB49 /* ShadowView.m in Sources */,
				9D7C0B9915D703FD00E8DB49 /* TouchThroughUIView.m in Sources */,
				9D7C0B9A15D703FD00E8DB49 /* UIView+Screenshot.m in Sources */,
				9D7C0B9D15D7041400E8DB49 /* RootViewController.m in Sources */,
				9D7C0BA315D70D0700E8DB49 /* LeftViewController.m in Sources */,
				CE97CF8315EFDB2B00708145 /* WeekAB.m in Sources */,
				CE97CF8715EFE49E00708145 /* ExtensionCell.m in Sources */,
			);
			runOnlyForDeploymentPostprocessing = 0;
		};
/* End PBXSourcesBuildPhase section */

/* Begin PBXVariantGroup section */
		CE6045C51361B62100C43EF1 /* InfoPlist.strings */ = {
			isa = PBXVariantGroup;
			children = (
				CE6045C61361B62100C43EF1 /* en */,
			);
			name = InfoPlist.strings;
			sourceTree = "<group>";
		};
		CE6045CE1361B62100C43EF1 /* MainWindow.xib */ = {
			isa = PBXVariantGroup;
			children = (
				CE6045CF1361B62100C43EF1 /* en */,
			);
			name = MainWindow.xib;
			path = FAschedule;
			sourceTree = "<group>";
		};
/* End PBXVariantGroup section */

/* Begin XCBuildConfiguration section */
		9D0C32FF14314D830026D60D /* Ad Hoc */ = {
			isa = XCBuildConfiguration;
			buildSettings = {
				ARCHS = "$(ARCHS_STANDARD_32_BIT)";
				"CODE_SIGN_IDENTITY[sdk=iphoneos*]" = "iPhone Developer";
				GCC_C_LANGUAGE_STANDARD = gnu99;
				GCC_VERSION = com.apple.compilers.llvmgcc42;
				GCC_WARN_ABOUT_RETURN_TYPE = YES;
				GCC_WARN_UNUSED_VARIABLE = YES;
				IPHONEOS_DEPLOYMENT_TARGET = 4.3;
				OTHER_CFLAGS = "-DNS_BLOCK_ASSERTIONS=1";
				SDKROOT = iphoneos;
			};
			name = "Ad Hoc";
		};
		9D0C330014314D830026D60D /* Ad Hoc */ = {
			isa = XCBuildConfiguration;
			buildSettings = {
				ALWAYS_SEARCH_USER_PATHS = NO;
				CLANG_ENABLE_OBJC_ARC = YES;
				"CODE_SIGN_IDENTITY[sdk=iphoneos*]" = "iPhone Distribution: Reed Rosenbluth";
				COPY_PHASE_STRIP = YES;
				GCC_PRECOMPILE_PREFIX_HEADER = YES;
				GCC_PREFIX_HEADER = "FAschedule/FAschedule-Prefix.pch";
				GCC_VERSION = com.apple.compilers.llvm.clang.1_0;
				INFOPLIST_FILE = "FAschedule/FAschedule-Info.plist";
				IPHONEOS_DEPLOYMENT_TARGET = 4.0;
				PRODUCT_NAME = "$(TARGET_NAME)";
				"PROVISIONING_PROFILE[sdk=iphoneos*]" = "909DB986-66EC-4175-B6FE-3F0B0AC327D9";
				TARGETED_DEVICE_FAMILY = 1;
				VALIDATE_PRODUCT = YES;
				WRAPPER_EXTENSION = app;
			};
			name = "Ad Hoc";
		};
		CE6045D11361B62100C43EF1 /* Debug */ = {
			isa = XCBuildConfiguration;
			buildSettings = {
				ARCHS = "$(ARCHS_STANDARD_32_BIT)";
				"CODE_SIGN_IDENTITY[sdk=iphoneos*]" = "iPhone Developer";
				GCC_C_LANGUAGE_STANDARD = gnu99;
				GCC_OPTIMIZATION_LEVEL = 0;
				GCC_PREPROCESSOR_DEFINITIONS = DEBUG;
				GCC_SYMBOLS_PRIVATE_EXTERN = NO;
				GCC_VERSION = com.apple.compilers.llvmgcc42;
				GCC_WARN_ABOUT_RETURN_TYPE = YES;
				GCC_WARN_UNUSED_VARIABLE = YES;
				IPHONEOS_DEPLOYMENT_TARGET = 4.3;
				SDKROOT = iphoneos;
			};
			name = Debug;
		};
		CE6045D21361B62100C43EF1 /* Release */ = {
			isa = XCBuildConfiguration;
			buildSettings = {
				ARCHS = "$(ARCHS_STANDARD_32_BIT)";
				"CODE_SIGN_IDENTITY[sdk=iphoneos*]" = "iPhone Developer";
				GCC_C_LANGUAGE_STANDARD = gnu99;
				GCC_VERSION = com.apple.compilers.llvmgcc42;
				GCC_WARN_ABOUT_RETURN_TYPE = YES;
				GCC_WARN_UNUSED_VARIABLE = YES;
				IPHONEOS_DEPLOYMENT_TARGET = 4.3;
				OTHER_CFLAGS = "-DNS_BLOCK_ASSERTIONS=1";
				SDKROOT = iphoneos;
			};
			name = Release;
		};
		CE6045D41361B62100C43EF1 /* Debug */ = {
			isa = XCBuildConfiguration;
			buildSettings = {
				ALWAYS_SEARCH_USER_PATHS = NO;
				CLANG_ENABLE_OBJC_ARC = YES;
				COPY_PHASE_STRIP = NO;
				GCC_DYNAMIC_NO_PIC = NO;
				GCC_PRECOMPILE_PREFIX_HEADER = YES;
				GCC_PREFIX_HEADER = "FAschedule/FAschedule-Prefix.pch";
				GCC_VERSION = com.apple.compilers.llvm.clang.1_0;
				INFOPLIST_FILE = "FAschedule/FAschedule-Info.plist";
				IPHONEOS_DEPLOYMENT_TARGET = 4.0;
				PRODUCT_NAME = "$(TARGET_NAME)";
				TARGETED_DEVICE_FAMILY = 1;
				WRAPPER_EXTENSION = app;
			};
			name = Debug;
		};
		CE6045D51361B62100C43EF1 /* Release */ = {
			isa = XCBuildConfiguration;
			buildSettings = {
				ALWAYS_SEARCH_USER_PATHS = NO;
				CLANG_ENABLE_OBJC_ARC = YES;
				COPY_PHASE_STRIP = YES;
				GCC_PRECOMPILE_PREFIX_HEADER = YES;
				GCC_PREFIX_HEADER = "FAschedule/FAschedule-Prefix.pch";
				GCC_VERSION = com.apple.compilers.llvm.clang.1_0;
				INFOPLIST_FILE = "FAschedule/FAschedule-Info.plist";
				IPHONEOS_DEPLOYMENT_TARGET = 4.0;
				PRODUCT_NAME = "$(TARGET_NAME)";
				TARGETED_DEVICE_FAMILY = 1;
				VALIDATE_PRODUCT = YES;
				WRAPPER_EXTENSION = app;
			};
			name = Release;
		};
/* End XCBuildConfiguration section */

/* Begin XCConfigurationList section */
		CE6045B21361B62100C43EF1 /* Build configuration list for PBXProject "FAschedule" */ = {
			isa = XCConfigurationList;
			buildConfigurations = (
				CE6045D11361B62100C43EF1 /* Debug */,
				CE6045D21361B62100C43EF1 /* Release */,
				9D0C32FF14314D830026D60D /* Ad Hoc */,
			);
			defaultConfigurationIsVisible = 0;
			defaultConfigurationName = Release;
		};
		CE6045D31361B62100C43EF1 /* Build configuration list for PBXNativeTarget "FAschedule" */ = {
			isa = XCConfigurationList;
			buildConfigurations = (
				CE6045D41361B62100C43EF1 /* Debug */,
				CE6045D51361B62100C43EF1 /* Release */,
				9D0C330014314D830026D60D /* Ad Hoc */,
			);
			defaultConfigurationIsVisible = 0;
			defaultConfigurationName = Release;
		};
/* End XCConfigurationList section */
	};
	rootObject = CE6045AF1361B62100C43EF1 /* Project object */;
}
